
Microsoft Visual Studio Solution File, Format Version 12.00
# Visual Studio Version 17
VisualStudioVersion = 17.5.33424.131
MinimumVisualStudioVersion = 10.0.40219.1
Project("{8BC9CEB8-8B4A-11D0-8D11-00A0C91BC942}") = "staticfunction_171", "staticfunction_171\staticfunction_171.vcxproj", "{803B0C08-46D7-4CDF-A02D-F462C7FB2D80}"
EndProject
Project("{8BC9CEB8-8B4A-11D0-8D11-00A0C91BC942}") = "mbrStaticfunction", "mbrStaticfunction\mbrStaticfunction.vcxproj", "{6642F013-6CD5-4A2E-A058-647E3B3F0328}"
EndProject
Global
	GlobalSection(SolutionConfigurationPlatforms) = preSolution
		Debug|x64 = Debug|x64
		Debug|x86 = Debug|x86
		Release|x64 = Release|x64
		Release|x86 = Release|x86
	EndGlobalSection
	GlobalSection(ProjectConfigurationPlatforms) = postSolution
		{803B0C08-46D7-4CDF-A02D-F462C7FB2D80}.Debug|x64.ActiveCfg = Debug|x64
		{803B0C08-46D7-4CDF-A02D-F462C7FB2D80}.Debug|x64.Build.0 = Debug|x64
		{803B0C08-46D7-4CDF-A02D-F462C7FB2D80}.Debug|x86.ActiveCfg = Debug|Win32
		{803B0C08-46D7-4CDF-A02D-F462C7FB2D80}.Debug|x86.Build.0 = Debug|Win32
		{803B0C08-46D7-4CDF-A02D-F462C7FB2D80}.Release|x64.ActiveCfg = Release|x64
		{803B0C08-46D7-4CDF-A02D-F462C7FB2D80}.Release|x64.Build.0 = Release|x64
		{803B0C08-46D7-4CDF-A02D-F462C7FB2D80}.Release|x86.ActiveCfg = Release|Win32
		{803B0C08-46D7-4CDF-A02D-F462C7FB2D80}.Release|x86.Build.0 = Release|Win32
		{6642F013-6CD5-4A2E-A058-647E3B3F0328}.Debug|x64.ActiveCfg = Debug|x64
		{6642F013-6CD5-4A2E-A058-647E3B3F0328}.Debug|x64.Build.0 = Debug|x64
		{6642F013-6CD5-4A2E-A058-647E3B3F0328}.Debug|x86.ActiveCfg = Debug|Win32
		{6642F013-6CD5-4A2E-A058-647E3B3F0328}.Debug|x86.Build.0 = Debug|Win32
		{6642F013-6CD5-4A2E-A058-647E3B3F0328}.Release|x64.ActiveCfg = Release|x64
		{6642F013-6CD5-4A2E-A058-647E3B3F0328}.Release|x64.Build.0 = Release|x64
		{6642F013-6CD5-4A2E-A058-647E3B3F0328}.Release|x86.ActiveCfg = Release|Win32
		{6642F013-6CD5-4A2E-A058-647E3B3F0328}.Release|x86.Build.0 = Release|Win32
	EndGlobalSection
	GlobalSection(SolutionProperties) = preSolution
		HideSolutionNode = FALSE
	EndGlobalSection
	GlobalSection(ExtensibilityGlobals) = postSolution
		SolutionGuid = {0821E605-EC4B-4C4E-90A1-339BEF39CCD7}
	EndGlobalSection
EndGlobal
